
Microsoft Visual Studio Solution File, Format Version 12.00
# Visual Studio 15
VisualStudioVersion = 15.0.26124.0
MinimumVisualStudioVersion = 15.0.26124.0
Project("{FAE04EC0-301F-11D3-BF4B-00C04F79EFBC}") = "AuthorizationServer", "AuthorizationServer\AuthorizationServer.csproj", "{674BECBB-E0A0-4EEA-B2FA-DDA63F9A0913}"
EndProject
Project("{FAE04EC0-301F-11D3-BF4B-00C04F79EFBC}") = "ResourceServer", "ResourceServer\ResourceServer.csproj", "{63C40545-0B05-4820-958E-CC06A55C5588}"
EndProject
Project("{FAE04EC0-301F-11D3-BF4B-00C04F79EFBC}") = "ClientApp", "ClientApp\ClientApp.csproj", "{0A260355-8137-4A3F-9FBE-5E3C433AB072}"
EndProject
Global
	GlobalSection(SolutionConfigurationPlatforms) = preSolution
		Debug|Any CPU = Debug|Any CPU
		Debug|x64 = Debug|x64
		Debug|x86 = Debug|x86
		Release|Any CPU = Release|Any CPU
		Release|x64 = Release|x64
		Release|x86 = Release|x86
	EndGlobalSection
	GlobalSection(SolutionProperties) = preSolution
		HideSolutionNode = FALSE
	EndGlobalSection
	GlobalSection(ProjectConfigurationPlatforms) = postSolution
		{674BECBB-E0A0-4EEA-B2FA-DDA63F9A0913}.Debug|Any CPU.ActiveCfg = Debug|Any CPU
		{674BECBB-E0A0-4EEA-B2FA-DDA63F9A0913}.Debug|Any CPU.Build.0 = Debug|Any CPU
		{674BECBB-E0A0-4EEA-B2FA-DDA63F9A0913}.Debug|x64.ActiveCfg = Debug|Any CPU
		{674BECBB-E0A0-4EEA-B2FA-DDA63F9A0913}.Debug|x64.Build.0 = Debug|Any CPU
		{674BECBB-E0A0-4EEA-B2FA-DDA63F9A0913}.Debug|x86.ActiveCfg = Debug|Any CPU
		{674BECBB-E0A0-4EEA-B2FA-DDA63F9A0913}.Debug|x86.Build.0 = Debug|Any CPU
		{674BECBB-E0A0-4EEA-B2FA-DDA63F9A0913}.Release|Any CPU.ActiveCfg = Release|Any CPU
		{674BECBB-E0A0-4EEA-B2FA-DDA63F9A0913}.Release|Any CPU.Build.0 = Release|Any CPU
		{674BECBB-E0A0-4EEA-B2FA-DDA63F9A0913}.Release|x64.ActiveCfg = Release|Any CPU
		{674BECBB-E0A0-4EEA-B2FA-DDA63F9A0913}.Release|x64.Build.0 = Release|Any CPU
		{674BECBB-E0A0-4EEA-B2FA-DDA63F9A0913}.Release|x86.ActiveCfg = Release|Any CPU
		{674BECBB-E0A0-4EEA-B2FA-DDA63F9A0913}.Release|x86.Build.0 = Release|Any CPU
		{63C40545-0B05-4820-958E-CC06A55C5588}.Debug|Any CPU.ActiveCfg = Debug|Any CPU
		{63C40545-0B05-4820-958E-CC06A55C5588}.Debug|Any CPU.Build.0 = Debug|Any CPU
		{63C40545-0B05-4820-958E-CC06A55C5588}.Debug|x64.ActiveCfg = Debug|Any CPU
		{63C40545-0B05-4820-958E-CC06A55C5588}.Debug|x64.Build.0 = Debug|Any CPU
		{63C40545-0B05-4820-958E-CC06A55C5588}.Debug|x86.ActiveCfg = Debug|Any CPU
		{63C40545-0B05-4820-958E-CC06A55C5588}.Debug|x86.Build.0 = Debug|Any CPU
		{63C40545-0B05-4820-958E-CC06A55C5588}.Release|Any CPU.ActiveCfg = Release|Any CPU
		{63C40545-0B05-4820-958E-CC06A55C5588}.Release|Any CPU.Build.0 = Release|Any CPU
		{63C40545-0B05-4820-958E-CC06A55C5588}.Release|x64.ActiveCfg = Release|Any CPU
		{63C40545-0B05-4820-958E-CC06A55C5588}.Release|x64.Build.0 = Release|Any CPU
		{63C40545-0B05-4820-958E-CC06A55C5588}.Release|x86.ActiveCfg = Release|Any CPU
		{63C40545-0B05-4820-958E-CC06A55C5588}.Release|x86.Build.0 = Release|Any CPU
		{0A260355-8137-4A3F-9FBE-5E3C433AB072}.Debug|Any CPU.ActiveCfg = Debug|Any CPU
		{0A260355-8137-4A3F-9FBE-5E3C433AB072}.Debug|Any CPU.Build.0 = Debug|Any CPU
		{0A260355-8137-4A3F-9FBE-5E3C433AB072}.Debug|x64.ActiveCfg = Debug|Any CPU
		{0A260355-8137-4A3F-9FBE-5E3C433AB072}.Debug|x64.Build.0 = Debug|Any CPU
		{0A260355-8137-4A3F-9FBE-5E3C433AB072}.Debug|x86.ActiveCfg = Debug|Any CPU
		{0A260355-8137-4A3F-9FBE-5E3C433AB072}.Debug|x86.Build.0 = Debug|Any CPU
		{0A260355-8137-4A3F-9FBE-5E3C433AB072}.Release|Any CPU.ActiveCfg = Release|Any CPU
		{0A260355-8137-4A3F-9FBE-5E3C433AB072}.Release|Any CPU.Build.0 = Release|Any CPU
		{0A260355-8137-4A3F-9FBE-5E3C433AB072}.Release|x64.ActiveCfg = Release|Any CPU
		{0A260355-8137-4A3F-9FBE-5E3C433AB072}.Release|x64.Build.0 = Release|Any CPU
		{0A260355-8137-4A3F-9FBE-5E3C433AB072}.Release|x86.ActiveCfg = Release|Any CPU
		{0A260355-8137-4A3F-9FBE-5E3C433AB072}.Release|x86.Build.0 = Release|Any CPU
	EndGlobalSection
EndGlobal
